github.com/davecgh/go-spew v1.1.2-0.20180830191138-d8f796af33cc h1:U9qPSI2PIWSS1VwoXQT9A3Wy9MM3WgvqSxFWenqJduM=
github.com/davecgh/go-spew v1.1.2-0.20180830191138-d8f796af33cc/go.mod h1:J7Y8YcW2NihsgmVo/mv3lAwl/skON4iLHjSsI+c5H38=
github.com/gopi-frame/contract v0.0.0-20240517013806-dc3242b222d8 h1:G6DS189BXDhPhkHJRxfdO+yzpRSG77lCvoOaTWDHlBk=
github.com/gopi-frame/contract v0.0.0-20240517013806-dc3242b222d8/go.mod h1:/eezR+L2U3yjKXy2h74bLwssDG3KwdJwcq0Jrs38VCc=
github.com/gopi-frame/event v0.0.0-20240517040029-122bf1f77278 h1:keyjveiEYoqQJ3LzC8Zzawl1Q8Jv3vn5DBJjBmbc6zU=
github.com/gopi-frame/event v0.0.0-20240517040029-122bf1f77278/go.mod h1:iPHzmL7nGU81ci7MFFDuwawP31WHZBnxg+99McbKyHo=
github.com/gopi-frame/exception v0.0.0-20240517030638-8d9d2c8deff7 h1:BJckikKgUfYl6OEpEtpOCPfUimEw0pIEUATU6sGHF1Q=
github.com/gopi-frame/exception v0.0.0-20240517030638-8d9d2c8deff7/go.mod h1:Ic9Uq9ad58EYrjImUPE2wTfn2tcK+9X7Gtp/YVPradg=
github.com/gopi-frame/logger v0.0.0-20240517054241-0a1e1df8dc4a h1:KxWF+SlEVamwoznTF9x2rPh5PKCwnR119W0D5ITqKWI=
github.com/gopi-frame/logger v0.0.0-20240517054241-0a1e1df8dc4a/go.mod h1:PmXcMinQLfXbgWLADYXu3t9AHBL+kgx8nKigkfaz53M=
github.com/gopi-frame/support v0.0.0-20240517053805-13225ed75176 h1:1Aa3BVw2U+L5E1e7Plh1f+2FVPf2ZnybzAD+1R9EWL0=
github.com/gopi-frame/support v0.0.0-20240517053805-13225ed75176/go.mod h1:ZZmOwn+TIzmTncdUAGDdICzAeEE16uLsyaB/cR01x9g=
github.com/gopi-frame/writer v0.0.0-20240628090756-34c05ae578d6 h1:rCZhzqwFMQ2dXsozk1TZqM4TUYMYQ8ishc5+D2ZGGGQ=
github.com/gopi-frame/writer v0.0.0-20240628090756-34c05ae578d6/go.mod h1:jZlgaH2KE/BVSXbx/OkVSMMKKx0fsg51j52TofAl2/s=
github.com/mitchellh/mapstructure v1.5.0 h1:jeMsZIYE/09sWLaz43PL7Gy6RuMjD2eJVyuac5Z2hdY=
github.com/mitchellh/mapstructure v1.5.0/go.mod h1:bFUtVrKA4DC2yAKiSyO/QUcy7e+RRV2QTWOzhPopBRo=
github.com/pmezard/go-difflib v1.0.1-0.20181226105442-5d4384ee4fb2 h1:Jamvg5psRIccs7FGNTlIRMkT8wgtp5eCXdBlqhYGL6U=
github.com/pmezard/go-difflib v1.0.1-0.20181226105442-5d4384ee4fb2/go.mod h1:iKH77koFhYxTK1pcRnkKkqfTogsbg7gZNVY4sRDYZ/4=
github.com/robfig/cron/v3 v3.0.1 h1:WdRxkvbJztn8LMz/QEvLN5sBU+xKpSqwwUO1Pjr4qDs=
github.com/robfig/cron/v3 v3.0.1/go.mod h1:eQICP3HwyT7UooqI/z+Ov+PtYAWygg1TEWWzGIFLtro=
github.com/stretchr/testify v1.9.0 h1:HtqpIVDClZ4nwg75+f6Lvsy/wHu+3BoSGCbBAcpTsTg=
github.com/stretchr/testify v1.9.0/go.mod h1:r2ic/lqez/lEtzL7wO/rwa5dbSLXVDPFyf8C91i36aY=
go.uber.org/goleak v1.3.0 h1:2K3zAYmnTNqV73imy9J1T3WC+gmCePx2hEGkimedGto=
go.uber.org/goleak v1.3.0/go.mod h1:CoHD4mav9JJNrW/WLlf7HGZPjdw8EucARQHekz1X6bE=
go.uber.org/multierr v1.11.0 h1:blXXJkSxSSfBVBlC76pxqeO+LN3aDfLQo+309xJstO0=
go.uber.org/multierr v1.11.0/go.mod h1:20+QtiLqy0Nd6FdQB9TLXag12DsQkrbs3htMFfDN80Y=
go.uber.org/zap v1.27.0 h1:aJMhYGrd5QSmlpLMr2MftRKl7t8J8PTZPA732ud/XR8=
go.uber.org/zap v1.27.0/go.mod h1:GB2qFLM7cTU87MWRP2mPIjqfIDnGu+VIO4V/SdhGo2E=
gopkg.in/check.v1 v0.0.0-20161208181325-20d25e280405 h1:yhCVgyC4o1eVCa2tZl7eS0r+SDo693bJlVdllGtEeKM=
gopkg.in/check.v1 v0.0.0-20161208181325-20d25e280405/go.mod h1:Co6ibVJAznAaIkqp8huTwlJQCZ016jof/cbN4VW5Yz0=
gopkg.in/natefinch/lumberjack.v2 v2.2.1 h1:bBRl1b0OH9s/DuPhuXpNl+VtCaJXFZ5/uEFST95x9zc=
gopkg.in/natefinch/lumberjack.v2 v2.2.1/go.mod h1:YD8tP3GAjkrDg1eZH7EGmyESg/lsYskCTPBJVb9jqSc=
gopkg.in/yaml.v3 v3.0.1 h1:fxVm/GzAzEWqLHuvctI91KS9hhNmmWOoWu0XTYJS7CA=
gopkg.in/yaml.v3 v3.0.1/go.mod h1:K4uyk7z7BCEPqu6E+C64Yfv1cQ7kz7rIZviUmN+EgEM=
